Microsoft Visual Studio Solution File, Format Version 12.00
# Visual Studio Version 17
VisualStudioVersion = 17.5.2.0
MinimumVisualStudioVersion = 10.0.40219.1
Project("{2150E333-8FDC-42A3-9474-1A3956D46DE8}") = "mxopc-web-dashboard", "mxopc-web-dashboard", "{E0BD2B75-7C79-8C13-CCE4-A9C4DAD534AD}"
EndProject
Project("{FAE04EC0-301F-11D3-BF4B-00C04F79EFBC}") = "MyFirstApp", "mxopc-web-dashboard\MyFirstApp.csproj", "{390F118E-0712-3098-0FF2-807EBC8524DF}"
EndProject
Global
	GlobalSection(SolutionConfigurationPlatforms) = preSolution
		Debug|Any CPU = Debug|Any CPU
		Release|Any CPU = Release|Any CPU
	EndGlobalSection
	GlobalSection(ProjectConfigurationPlatforms) = postSolution
		{390F118E-0712-3098-0FF2-807EBC8524DF}.Debug|Any CPU.ActiveCfg = Debug|Any CPU
		{390F118E-0712-3098-0FF2-807EBC8524DF}.Debug|Any CPU.Build.0 = Debug|Any CPU
		{390F118E-0712-3098-0FF2-807EBC8524DF}.Release|Any CPU.ActiveCfg = Release|Any CPU
		{390F118E-0712-3098-0FF2-807EBC8524DF}.Release|Any CPU.Build.0 = Release|Any CPU
	EndGlobalSection
	GlobalSection(SolutionProperties) = preSolution
		HideSolutionNode = FALSE
	EndGlobalSection
	GlobalSection(NestedProjects) = preSolution
		{390F118E-0712-3098-0FF2-807EBC8524DF} = {E0BD2B75-7C79-8C13-CCE4-A9C4DAD534AD}
	EndGlobalSection
	GlobalSection(ExtensibilityGlobals) = postSolution
		SolutionGuid = {58E1A777-7F3E-44EB-939C-2461B102062B}
	EndGlobalSection
EndGlobal
